SITE
  remote: http://community.opscode.com/api/v1
  specs:
    apache2 (1.7.0)
    apt (2.1.1)
    build-essential (1.4.2)
    chef_handler (1.1.4)
    dmg (2.0.0)
    dpkg_autostart (0.1.6)
    git (2.6.0)
      build-essential (>= 0.0.0)
      dmg (>= 0.0.0)
      runit (>= 1.0.0)
      windows (>= 0.0.0)
      yum (>= 0.0.0)
    java (1.13.0)
      windows (>= 0.0.0)
    python (1.4.0)
      build-essential (>= 0.0.0)
      yum (>= 0.0.0)
    runit (1.2.0)
      build-essential (>= 0.0.0)
      yum (>= 0.0.0)
    windows (1.10.0)
      chef_handler (>= 0.0.0)
    yum (2.3.2)

GIT
  remote: https://github.com/phlipper/chef-postgresql
  ref: master
  sha: 544909a05cb656ee49d113d5b8d021f5da54a5d5
  specs:
    postgresql (0.11.3)
      apt (>= 0.0.0)
      dpkg_autostart (>= 0.0.0)

DEPENDENCIES
  apache2 (>= 0)
  git (>= 0)
  java (>= 0)
  postgresql (>= 0)
  python (>= 0)

